
Microsoft Visual Studio Solution File, Format Version 12.00
# Visual Studio Version 16
VisualStudioVersion = 16.0.31424.327
MinimumVisualStudioVersion = 10.0.40219.1
Project("{FAE04EC0-301F-11D3-BF4B-00C04F79EFBC}") = "Practice Lab2", "Practice Lab2\Practice Lab2.csproj", "{8C01663C-6837-4B3B-9781-EABBDE0F367F}"
EndProject
Global
	GlobalSection(SolutionConfigurationPlatforms) = preSolution
		Debug|Any CPU = Debug|Any CPU
		Release|Any CPU = Release|Any CPU
	EndGlobalSection
	GlobalSection(ProjectConfigurationPlatforms) = postSolution
		{8C01663C-6837-4B3B-9781-EABBDE0F367F}.Debug|Any CPU.ActiveCfg = Debug|Any CPU
		{8C01663C-6837-4B3B-9781-EABBDE0F367F}.Debug|Any CPU.Build.0 = Debug|Any CPU
		{8C01663C-6837-4B3B-9781-EABBDE0F367F}.Release|Any CPU.ActiveCfg = Release|Any CPU
		{8C01663C-6837-4B3B-9781-EABBDE0F367F}.Release|Any CPU.Build.0 = Release|Any CPU
	EndGlobalSection
	GlobalSection(SolutionProperties) = preSolution
		HideSolutionNode = FALSE
	EndGlobalSection
	GlobalSection(ExtensibilityGlobals) = postSolution
		SolutionGuid = {B3B746A4-2814-4866-A5CE-93B6F7875EF4}
	EndGlobalSection
EndGlobal
